
Microsoft Visual Studio Solution File, Format Version 12.00
# Visual Studio 15
VisualStudioVersion = 15.0.26730.15
MinimumVisualStudioVersion = 10.0.40219.1
Project("{FAE04EC0-301F-11D3-BF4B-00C04F79EFBC}") = "Lab1", "Lab1\Lab1.csproj", "{19B038F2-3E07-402D-9E8D-3AA5136BDD9B}"
EndProject
Global
	GlobalSection(SolutionConfigurationPlatforms) = preSolution
		Debug|Any CPU = Debug|Any CPU
		Release|Any CPU = Release|Any CPU
	EndGlobalSection
	GlobalSection(ProjectConfigurationPlatforms) = postSolution
		{19B038F2-3E07-402D-9E8D-3AA5136BDD9B}.Debug|Any CPU.ActiveCfg = Debug|Any CPU
		{19B038F2-3E07-402D-9E8D-3AA5136BDD9B}.Debug|Any CPU.Build.0 = Debug|Any CPU
		{19B038F2-3E07-402D-9E8D-3AA5136BDD9B}.Release|Any CPU.ActiveCfg = Release|Any CPU
		{19B038F2-3E07-402D-9E8D-3AA5136BDD9B}.Release|Any CPU.Build.0 = Release|Any CPU
	EndGlobalSection
	GlobalSection(SolutionProperties) = preSolution
		HideSolutionNode = FALSE
	EndGlobalSection
	GlobalSection(ExtensibilityGlobals) = postSolution
		SolutionGuid = {A6F5B9A6-21C9-4D71-B333-03E9874FBCDC}
	EndGlobalSection
EndGlobal
